
Microsoft Visual Studio Solution File, Format Version 12.00
# Visual Studio Version 17
VisualStudioVersion = 17.9.34728.123
MinimumVisualStudioVersion = 10.0.40219.1
Project("{9A19103F-16F7-4668-BE54-9A1E7A4F7556}") = "Rafał_Żmuda_Książka_Adresowa", "Rafał_Żmuda_Książka_Adresowa\Rafał_Żmuda_Książka_Adresowa.csproj", "{5E6BA0C6-DEBD-45AF-AF04-29C1BC4C7722}"
EndProject
Project("{FAE04EC0-301F-11D3-BF4B-00C04F79EFBC}") = "Rafał_Żmuda_Książka_AdresowaTests", "Rafał_Żmuda_Książka_AdresowaTests\Rafał_Żmuda_Książka_AdresowaTests.csproj", "{C9179E47-3C4D-42A7-B561-ECDB18E413B5}"
EndProject
Global
	GlobalSection(SolutionConfigurationPlatforms) = preSolution
		Debug|Any CPU = Debug|Any CPU
		Release|Any CPU = Release|Any CPU
	EndGlobalSection
	GlobalSection(ProjectConfigurationPlatforms) = postSolution
		{5E6BA0C6-DEBD-45AF-AF04-29C1BC4C7722}.Debug|Any CPU.ActiveCfg = Debug|Any CPU
		{5E6BA0C6-DEBD-45AF-AF04-29C1BC4C7722}.Debug|Any CPU.Build.0 = Debug|Any CPU
		{5E6BA0C6-DEBD-45AF-AF04-29C1BC4C7722}.Release|Any CPU.ActiveCfg = Release|Any CPU
		{5E6BA0C6-DEBD-45AF-AF04-29C1BC4C7722}.Release|Any CPU.Build.0 = Release|Any CPU
		{C9179E47-3C4D-42A7-B561-ECDB18E413B5}.Debug|Any CPU.ActiveCfg = Debug|Any CPU
		{C9179E47-3C4D-42A7-B561-ECDB18E413B5}.Debug|Any CPU.Build.0 = Debug|Any CPU
		{C9179E47-3C4D-42A7-B561-ECDB18E413B5}.Release|Any CPU.ActiveCfg = Release|Any CPU
		{C9179E47-3C4D-42A7-B561-ECDB18E413B5}.Release|Any CPU.Build.0 = Release|Any CPU
	EndGlobalSection
	GlobalSection(SolutionProperties) = preSolution
		HideSolutionNode = FALSE
	EndGlobalSection
	GlobalSection(ExtensibilityGlobals) = postSolution
		SolutionGuid = {623C8E08-B5D4-470D-8638-5A089B2E130E}
	EndGlobalSection
EndGlobal
